
Microsoft Visual Studio Solution File, Format Version 12.00
# Visual Studio 15
VisualStudioVersion = 15.0.26124.0
MinimumVisualStudioVersion = 15.0.26124.0
Project("{2150E333-8FDC-42A3-9474-1A3956D46DE8}") = "src", "src", "{FBFFEAB4-AAD4-40FF-A5A9-A1F331D4F2B6}"
EndProject
Project("{FAE04EC0-301F-11D3-BF4B-00C04F79EFBC}") = "myapp", "src\myapp\myapp.csproj", "{16F91272-F4C2-4DC8-A4BF-5F419CA80508}"
EndProject
Project("{2150E333-8FDC-42A3-9474-1A3956D46DE8}") = "tests", "tests", "{18CBC428-C056-4EF6-84D1-6958A78279DF}"
EndProject
Project("{FAE04EC0-301F-11D3-BF4B-00C04F79EFBC}") = "myapptests", "tests\myapptests\myapptests.csproj", "{3E9580EE-02F1-47E7-8559-FB4F3096123A}"
EndProject
Global
	GlobalSection(SolutionConfigurationPlatforms) = preSolution
		Debug|Any CPU = Debug|Any CPU
		Debug|x64 = Debug|x64
		Debug|x86 = Debug|x86
		Release|Any CPU = Release|Any CPU
		Release|x64 = Release|x64
		Release|x86 = Release|x86
	EndGlobalSection
	GlobalSection(SolutionProperties) = preSolution
		HideSolutionNode = FALSE
	EndGlobalSection
	GlobalSection(ProjectConfigurationPlatforms) = postSolution
		{16F91272-F4C2-4DC8-A4BF-5F419CA80508}.Debug|Any CPU.ActiveCfg = Debug|Any CPU
		{16F91272-F4C2-4DC8-A4BF-5F419CA80508}.Debug|Any CPU.Build.0 = Debug|Any CPU
		{16F91272-F4C2-4DC8-A4BF-5F419CA80508}.Debug|x64.ActiveCfg = Debug|Any CPU
		{16F91272-F4C2-4DC8-A4BF-5F419CA80508}.Debug|x64.Build.0 = Debug|Any CPU
		{16F91272-F4C2-4DC8-A4BF-5F419CA80508}.Debug|x86.ActiveCfg = Debug|Any CPU
		{16F91272-F4C2-4DC8-A4BF-5F419CA80508}.Debug|x86.Build.0 = Debug|Any CPU
		{16F91272-F4C2-4DC8-A4BF-5F419CA80508}.Release|Any CPU.ActiveCfg = Release|Any CPU
		{16F91272-F4C2-4DC8-A4BF-5F419CA80508}.Release|Any CPU.Build.0 = Release|Any CPU
		{16F91272-F4C2-4DC8-A4BF-5F419CA80508}.Release|x64.ActiveCfg = Release|Any CPU
		{16F91272-F4C2-4DC8-A4BF-5F419CA80508}.Release|x64.Build.0 = Release|Any CPU
		{16F91272-F4C2-4DC8-A4BF-5F419CA80508}.Release|x86.ActiveCfg = Release|Any CPU
		{16F91272-F4C2-4DC8-A4BF-5F419CA80508}.Release|x86.Build.0 = Release|Any CPU
		{3E9580EE-02F1-47E7-8559-FB4F3096123A}.Debug|Any CPU.ActiveCfg = Debug|Any CPU
		{3E9580EE-02F1-47E7-8559-FB4F3096123A}.Debug|Any CPU.Build.0 = Debug|Any CPU
		{3E9580EE-02F1-47E7-8559-FB4F3096123A}.Debug|x64.ActiveCfg = Debug|Any CPU
		{3E9580EE-02F1-47E7-8559-FB4F3096123A}.Debug|x64.Build.0 = Debug|Any CPU
		{3E9580EE-02F1-47E7-8559-FB4F3096123A}.Debug|x86.ActiveCfg = Debug|Any CPU
		{3E9580EE-02F1-47E7-8559-FB4F3096123A}.Debug|x86.Build.0 = Debug|Any CPU
		{3E9580EE-02F1-47E7-8559-FB4F3096123A}.Release|Any CPU.ActiveCfg = Release|Any CPU
		{3E9580EE-02F1-47E7-8559-FB4F3096123A}.Release|Any CPU.Build.0 = Release|Any CPU
		{3E9580EE-02F1-47E7-8559-FB4F3096123A}.Release|x64.ActiveCfg = Release|Any CPU
		{3E9580EE-02F1-47E7-8559-FB4F3096123A}.Release|x64.Build.0 = Release|Any CPU
		{3E9580EE-02F1-47E7-8559-FB4F3096123A}.Release|x86.ActiveCfg = Release|Any CPU
		{3E9580EE-02F1-47E7-8559-FB4F3096123A}.Release|x86.Build.0 = Release|Any CPU
	EndGlobalSection
	GlobalSection(NestedProjects) = preSolution
		{16F91272-F4C2-4DC8-A4BF-5F419CA80508} = {FBFFEAB4-AAD4-40FF-A5A9-A1F331D4F2B6}
		{3E9580EE-02F1-47E7-8559-FB4F3096123A} = {18CBC428-C056-4EF6-84D1-6958A78279DF}
	EndGlobalSection
EndGlobal
